
Microsoft Visual Studio Solution File, Format Version 12.00
# Visual Studio Version 17
VisualStudioVersion = 17.8.34316.72
MinimumVisualStudioVersion = 10.0.40219.1
Project("{FAE04EC0-301F-11D3-BF4B-00C04F79EFBC}") = "GuessNumber", "GuessNumber\GuessNumber.csproj", "{9D594B7E-2DEE-4D89-9C0B-C3ADF47F8724}"
EndProject
Global
	GlobalSection(SolutionConfigurationPlatforms) = preSolution
		Debug|Any CPU = Debug|Any CPU
		Release|Any CPU = Release|Any CPU
	EndGlobalSection
	GlobalSection(ProjectConfigurationPlatforms) = postSolution
		{9D594B7E-2DEE-4D89-9C0B-C3ADF47F8724}.Debug|Any CPU.ActiveCfg = Debug|Any CPU
		{9D594B7E-2DEE-4D89-9C0B-C3ADF47F8724}.Debug|Any CPU.Build.0 = Debug|Any CPU
		{9D594B7E-2DEE-4D89-9C0B-C3ADF47F8724}.Release|Any CPU.ActiveCfg = Release|Any CPU
		{9D594B7E-2DEE-4D89-9C0B-C3ADF47F8724}.Release|Any CPU.Build.0 = Release|Any CPU
	EndGlobalSection
	GlobalSection(SolutionProperties) = preSolution
		HideSolutionNode = FALSE
	EndGlobalSection
	GlobalSection(ExtensibilityGlobals) = postSolution
		SolutionGuid = {CC931358-A71A-4A57-922E-7BF3F439E935}
	EndGlobalSection
EndGlobal
